
Microsoft Visual Studio Solution File, Format Version 12.00
# Visual Studio Version 17
VisualStudioVersion = 17.6.33712.159
MinimumVisualStudioVersion = 10.0.40219.1
Project("{FAE04EC0-301F-11D3-BF4B-00C04F79EFBC}") = "Notes", "Notes\Notes.csproj", "{F7CB1F4D-18CC-4A7B-BCAC-FF134A00DD23}"
EndProject
Global
	GlobalSection(SolutionConfigurationPlatforms) = preSolution
		Debug|Any CPU = Debug|Any CPU
		Release|Any CPU = Release|Any CPU
	EndGlobalSection
	GlobalSection(ProjectConfigurationPlatforms) = postSolution
		{F7CB1F4D-18CC-4A7B-BCAC-FF134A00DD23}.Debug|Any CPU.ActiveCfg = Debug|Any CPU
		{F7CB1F4D-18CC-4A7B-BCAC-FF134A00DD23}.Debug|Any CPU.Build.0 = Debug|Any CPU
		{F7CB1F4D-18CC-4A7B-BCAC-FF134A00DD23}.Release|Any CPU.ActiveCfg = Release|Any CPU
		{F7CB1F4D-18CC-4A7B-BCAC-FF134A00DD23}.Release|Any CPU.Build.0 = Release|Any CPU
	EndGlobalSection
	GlobalSection(SolutionProperties) = preSolution
		HideSolutionNode = FALSE
	EndGlobalSection
	GlobalSection(ExtensibilityGlobals) = postSolution
		SolutionGuid = {F73F0E63-D8FB-4574-9B90-5A831A928A79}
	EndGlobalSection
EndGlobal
